github.com/golemcloud/golem-go v0.7.0 h1:8zpNeAtEDJsJllqHUmjji/lyplSJ0kI3v7vN97/N8zs=
github.com/golemcloud/golem-go v0.7.0/go.mod h1:VLL22qVo5R2+jGLO43tLPpPjf2WrA6B7GQoqXKnSODo=
github.com/magefile/mage v1.15.0 h1:BvGheCMAsG3bWUDbZ8AyXXpCNwU9u5CB6sM+HNb9HYg=
github.com/magefile/mage v1.15.0/go.mod h1:z5UZb/iS3GoOSn0JgWuiw7dxlurVYTu+/jHXqQg881A=
